
Microsoft Visual Studio Solution File, Format Version 12.00
# Visual Studio Version 16
VisualStudioVersion = 16.0.30717.126
MinimumVisualStudioVersion = 10.0.40219.1
Project("{FAE04EC0-301F-11D3-BF4B-00C04F79EFBC}") = "RESTBeer", "RESTBeer\RESTBeer.csproj", "{AAFDA42F-6C74-4CD1-B04C-9C8E759D0915}"
EndProject
Global
	GlobalSection(SolutionConfigurationPlatforms) = preSolution
		Debug|Any CPU = Debug|Any CPU
		Release|Any CPU = Release|Any CPU
	EndGlobalSection
	GlobalSection(ProjectConfigurationPlatforms) = postSolution
		{AAFDA42F-6C74-4CD1-B04C-9C8E759D0915}.Debug|Any CPU.ActiveCfg = Debug|Any CPU
		{AAFDA42F-6C74-4CD1-B04C-9C8E759D0915}.Debug|Any CPU.Build.0 = Debug|Any CPU
		{AAFDA42F-6C74-4CD1-B04C-9C8E759D0915}.Release|Any CPU.ActiveCfg = Release|Any CPU
		{AAFDA42F-6C74-4CD1-B04C-9C8E759D0915}.Release|Any CPU.Build.0 = Release|Any CPU
	EndGlobalSection
	GlobalSection(SolutionProperties) = preSolution
		HideSolutionNode = FALSE
	EndGlobalSection
	GlobalSection(ExtensibilityGlobals) = postSolution
		SolutionGuid = {DFD2B32B-2DC8-430D-82A3-300A11922779}
	EndGlobalSection
EndGlobal
